
Microsoft Visual Studio Solution File, Format Version 12.00
# Visual Studio Version 16
VisualStudioVersion = 16.0.30611.23
MinimumVisualStudioVersion = 10.0.40219.1
Project("{FAE04EC0-301F-11D3-BF4B-00C04F79EFBC}") = "卡管理", "卡管理.csproj", "{70307A1F-A2CF-43C5-9FBD-497848EE4668}"
EndProject
Global
	GlobalSection(SolutionConfigurationPlatforms) = preSolution
		Debug|Any CPU = Debug|Any CPU
		Release|Any CPU = Release|Any CPU
	EndGlobalSection
	GlobalSection(ProjectConfigurationPlatforms) = postSolution
		{70307A1F-A2CF-43C5-9FBD-497848EE4668}.Debug|Any CPU.ActiveCfg = Debug|Any CPU
		{70307A1F-A2CF-43C5-9FBD-497848EE4668}.Debug|Any CPU.Build.0 = Debug|Any CPU
		{70307A1F-A2CF-43C5-9FBD-497848EE4668}.Release|Any CPU.ActiveCfg = Release|Any CPU
		{70307A1F-A2CF-43C5-9FBD-497848EE4668}.Release|Any CPU.Build.0 = Release|Any CPU
	EndGlobalSection
	GlobalSection(SolutionProperties) = preSolution
		HideSolutionNode = FALSE
	EndGlobalSection
	GlobalSection(ExtensibilityGlobals) = postSolution
		SolutionGuid = {BE63883D-A77A-491D-80CB-C61100EB3193}
	EndGlobalSection
EndGlobal
