
Microsoft Visual Studio Solution File, Format Version 12.00
# Visual Studio 15
VisualStudioVersion = 15.0.28307.1145
MinimumVisualStudioVersion = 10.0.40219.1
Project("{FAE04EC0-301F-11D3-BF4B-00C04F79EFBC}") = "MsgTransTest", "MsgTransTest\MsgTransTest.csproj", "{999E3C95-5681-4B63-BBE9-CE472E84AB81}"
EndProject
Global
	GlobalSection(SolutionConfigurationPlatforms) = preSolution
		Debug|Any CPU = Debug|Any CPU
		Release|Any CPU = Release|Any CPU
	EndGlobalSection
	GlobalSection(ProjectConfigurationPlatforms) = postSolution
		{999E3C95-5681-4B63-BBE9-CE472E84AB81}.Debug|Any CPU.ActiveCfg = Debug|Any CPU
		{999E3C95-5681-4B63-BBE9-CE472E84AB81}.Debug|Any CPU.Build.0 = Debug|Any CPU
		{999E3C95-5681-4B63-BBE9-CE472E84AB81}.Release|Any CPU.ActiveCfg = Release|Any CPU
		{999E3C95-5681-4B63-BBE9-CE472E84AB81}.Release|Any CPU.Build.0 = Release|Any CPU
	EndGlobalSection
	GlobalSection(SolutionProperties) = preSolution
		HideSolutionNode = FALSE
	EndGlobalSection
	GlobalSection(ExtensibilityGlobals) = postSolution
		SolutionGuid = {710DDD9F-0737-4D4F-8079-6E14BCFC54A3}
	EndGlobalSection
EndGlobal
